
Microsoft Visual Studio Solution File, Format Version 12.00
# Visual Studio Version 17
VisualStudioVersion = 17.14.36310.24
MinimumVisualStudioVersion = 10.0.40219.1
Project("{2150E333-8FDC-42A3-9474-1A3956D46DE8}") = "TimeEntropy", "TimeEntropy", "{02EA681E-C7D8-13C7-8484-4AC65E1B71E8}"
EndProject
Project("{FAE04EC0-301F-11D3-BF4B-00C04F79EFBC}") = "TimeEntropy", "src\TimeEntropy\TimeEntropy.csproj", "{07C45160-F798-49AD-8659-27B794742F6C}"
EndProject
Project("{2150E333-8FDC-42A3-9474-1A3956D46DE8}") = "TimeEntropyTests", "TimeEntropyTests", "{5A07FE0D-EE3F-4049-BBD9-64C0B8971FA7}"
EndProject
Project("{FAE04EC0-301F-11D3-BF4B-00C04F79EFBC}") = "TimeEntropyConsoleTest", "tests\TimeEntropyConsoleTest\TimeEntropyConsoleTest.csproj", "{3FD1B76C-45D5-49A3-9BD2-CEDE72CB0675}"
EndProject
Global
	GlobalSection(SolutionConfigurationPlatforms) = preSolution
		Debug|Any CPU = Debug|Any CPU
		Release|Any CPU = Release|Any CPU
	EndGlobalSection
	GlobalSection(ProjectConfigurationPlatforms) = postSolution
		{07C45160-F798-49AD-8659-27B794742F6C}.Debug|Any CPU.ActiveCfg = Debug|Any CPU
		{07C45160-F798-49AD-8659-27B794742F6C}.Debug|Any CPU.Build.0 = Debug|Any CPU
		{07C45160-F798-49AD-8659-27B794742F6C}.Release|Any CPU.ActiveCfg = Release|Any CPU
		{07C45160-F798-49AD-8659-27B794742F6C}.Release|Any CPU.Build.0 = Release|Any CPU
		{3FD1B76C-45D5-49A3-9BD2-CEDE72CB0675}.Debug|Any CPU.ActiveCfg = Debug|Any CPU
		{3FD1B76C-45D5-49A3-9BD2-CEDE72CB0675}.Debug|Any CPU.Build.0 = Debug|Any CPU
		{3FD1B76C-45D5-49A3-9BD2-CEDE72CB0675}.Release|Any CPU.ActiveCfg = Release|Any CPU
		{3FD1B76C-45D5-49A3-9BD2-CEDE72CB0675}.Release|Any CPU.Build.0 = Release|Any CPU
	EndGlobalSection
	GlobalSection(SolutionProperties) = preSolution
		HideSolutionNode = FALSE
	EndGlobalSection
	GlobalSection(NestedProjects) = preSolution
		{07C45160-F798-49AD-8659-27B794742F6C} = {02EA681E-C7D8-13C7-8484-4AC65E1B71E8}
		{3FD1B76C-45D5-49A3-9BD2-CEDE72CB0675} = {5A07FE0D-EE3F-4049-BBD9-64C0B8971FA7}
	EndGlobalSection
	GlobalSection(ExtensibilityGlobals) = postSolution
		SolutionGuid = {3EC67879-57B7-459C-8753-161DE9C3D70C}
	EndGlobalSection
EndGlobal
